
Microsoft Visual Studio Solution File, Format Version 12.00
Project("{FAE04EC0-301F-11D3-BF4B-00C04F79EFBC}") = "AgentStatusFunction", "AgentStatusFunction\AgentStatusFunction.csproj", "{C0F3D182-F02A-4A1B-A8F9-1002E87278A6}"
EndProject
Project("{FAE04EC0-301F-11D3-BF4B-00C04F79EFBC}") = "AgentStatusFunction.Tests", "AgentStatusFunction.Tests\AgentStatusFunction.Tests.csproj", "{EB084DD6-015C-4970-B8A4-833E2A279A67}"
EndProject
Project("{2150E333-8FDC-42A3-9474-1A3956D46DE8}") = "Items", "Items", "{14B89DFC-EFA3-4E31-AC33-5F596FD8E1E0}"
ProjectSection(SolutionItems) = preProject
	.gitignore = .gitignore
EndProjectSection
EndProject
Global
	GlobalSection(SolutionConfigurationPlatforms) = preSolution
		Debug|Any CPU = Debug|Any CPU
		Release|Any CPU = Release|Any CPU
	EndGlobalSection
	GlobalSection(ProjectConfigurationPlatforms) = postSolution
		{C0F3D182-F02A-4A1B-A8F9-1002E87278A6}.Debug|Any CPU.ActiveCfg = Debug|Any CPU
		{C0F3D182-F02A-4A1B-A8F9-1002E87278A6}.Debug|Any CPU.Build.0 = Debug|Any CPU
		{C0F3D182-F02A-4A1B-A8F9-1002E87278A6}.Release|Any CPU.ActiveCfg = Release|Any CPU
		{C0F3D182-F02A-4A1B-A8F9-1002E87278A6}.Release|Any CPU.Build.0 = Release|Any CPU
		{EB084DD6-015C-4970-B8A4-833E2A279A67}.Debug|Any CPU.ActiveCfg = Debug|Any CPU
		{EB084DD6-015C-4970-B8A4-833E2A279A67}.Debug|Any CPU.Build.0 = Debug|Any CPU
		{EB084DD6-015C-4970-B8A4-833E2A279A67}.Release|Any CPU.ActiveCfg = Release|Any CPU
		{EB084DD6-015C-4970-B8A4-833E2A279A67}.Release|Any CPU.Build.0 = Release|Any CPU
	EndGlobalSection
EndGlobal
